
Microsoft Visual Studio Solution File, Format Version 12.00
# Visual Studio Version 16
VisualStudioVersion = 16.0.30804.86
MinimumVisualStudioVersion = 10.0.40219.1
Project("{FAE04EC0-301F-11D3-BF4B-00C04F79EFBC}") = "Bootstrap 1", "Bootstrap 1\Bootstrap 1.csproj", "{BAA427CB-E237-4D4D-A910-EEC3945F376B}"
EndProject
Global
	GlobalSection(SolutionConfigurationPlatforms) = preSolution
		Debug|Any CPU = Debug|Any CPU
		Release|Any CPU = Release|Any CPU
	EndGlobalSection
	GlobalSection(ProjectConfigurationPlatforms) = postSolution
		{BAA427CB-E237-4D4D-A910-EEC3945F376B}.Debug|Any CPU.ActiveCfg = Debug|Any CPU
		{BAA427CB-E237-4D4D-A910-EEC3945F376B}.Debug|Any CPU.Build.0 = Debug|Any CPU
		{BAA427CB-E237-4D4D-A910-EEC3945F376B}.Release|Any CPU.ActiveCfg = Release|Any CPU
		{BAA427CB-E237-4D4D-A910-EEC3945F376B}.Release|Any CPU.Build.0 = Release|Any CPU
	EndGlobalSection
	GlobalSection(SolutionProperties) = preSolution
		HideSolutionNode = FALSE
	EndGlobalSection
	GlobalSection(ExtensibilityGlobals) = postSolution
		SolutionGuid = {5B78A0CD-E432-452E-A1C5-9AD1A28F0B6A}
	EndGlobalSection
EndGlobal
